
Microsoft Visual Studio Solution File, Format Version 12.00
# Visual Studio Version 16
VisualStudioVersion = 16.0.30804.86
MinimumVisualStudioVersion = 10.0.40219.1
Project("{9A19103F-16F7-4668-BE54-9A1E7A4F7556}") = "KckProject3", "KckProject3.csproj", "{57F3B957-9092-419E-9647-5B073C946694}"
EndProject
Project("{54435603-DBB4-11D2-8724-00A0C9A8B90C}") = "OnionInstaller", "..\OnionInstaller\OnionInstaller.vdproj", "{06363EC2-C51D-42F5-958C-E1A1E05E8724}"
EndProject
Global
	GlobalSection(SolutionConfigurationPlatforms) = preSolution
		Debug|Any CPU = Debug|Any CPU
		Release|Any CPU = Release|Any CPU
	EndGlobalSection
	GlobalSection(ProjectConfigurationPlatforms) = postSolution
		{57F3B957-9092-419E-9647-5B073C946694}.Debug|Any CPU.ActiveCfg = Debug|Any CPU
		{57F3B957-9092-419E-9647-5B073C946694}.Debug|Any CPU.Build.0 = Debug|Any CPU
		{57F3B957-9092-419E-9647-5B073C946694}.Release|Any CPU.ActiveCfg = Release|Any CPU
		{57F3B957-9092-419E-9647-5B073C946694}.Release|Any CPU.Build.0 = Release|Any CPU
		{06363EC2-C51D-42F5-958C-E1A1E05E8724}.Debug|Any CPU.ActiveCfg = Debug
		{06363EC2-C51D-42F5-958C-E1A1E05E8724}.Release|Any CPU.ActiveCfg = Release
	EndGlobalSection
	GlobalSection(SolutionProperties) = preSolution
		HideSolutionNode = FALSE
	EndGlobalSection
	GlobalSection(ExtensibilityGlobals) = postSolution
		SolutionGuid = {D524D42E-8276-4331-BC1D-FEF0EFD9232A}
	EndGlobalSection
EndGlobal
